
Microsoft Visual Studio Solution File, Format Version 12.00
# Visual Studio 15
VisualStudioVersion = 15.0.28307.902
MinimumVisualStudioVersion = 10.0.40219.1
Project("{F184B08F-C81C-45F6-A57F-5ABD9991F28F}") = "Test1", "Test1\Test1.vbproj", "{3356A071-E30A-4B86-8F6D-8C2FE8BB4DA9}"
EndProject
Global
	GlobalSection(SolutionConfigurationPlatforms) = preSolution
		Debug|Any CPU = Debug|Any CPU
		Release|Any CPU = Release|Any CPU
	EndGlobalSection
	GlobalSection(ProjectConfigurationPlatforms) = postSolution
		{3356A071-E30A-4B86-8F6D-8C2FE8BB4DA9}.Debug|Any CPU.ActiveCfg = Debug|Any CPU
		{3356A071-E30A-4B86-8F6D-8C2FE8BB4DA9}.Debug|Any CPU.Build.0 = Debug|Any CPU
		{3356A071-E30A-4B86-8F6D-8C2FE8BB4DA9}.Release|Any CPU.ActiveCfg = Release|Any CPU
		{3356A071-E30A-4B86-8F6D-8C2FE8BB4DA9}.Release|Any CPU.Build.0 = Release|Any CPU
	EndGlobalSection
	GlobalSection(SolutionProperties) = preSolution
		HideSolutionNode = FALSE
	EndGlobalSection
	GlobalSection(ExtensibilityGlobals) = postSolution
		SolutionGuid = {C6ED5BF7-AD08-4B2E-B299-8D465C4DE7D1}
	EndGlobalSection
EndGlobal
