
Microsoft Visual Studio Solution File, Format Version 12.00
# Visual Studio 15
VisualStudioVersion = 15.0.28307.902
MinimumVisualStudioVersion = 10.0.40219.1
Project("{F184B08F-C81C-45F6-A57F-5ABD9991F28F}") = "SumOfNumbers", "SumOfNumbers\SumOfNumbers.vbproj", "{795125EC-F2A8-4795-BA3B-65F74CDD7889}"
EndProject
Global
	GlobalSection(SolutionConfigurationPlatforms) = preSolution
		Debug|Any CPU = Debug|Any CPU
		Release|Any CPU = Release|Any CPU
	EndGlobalSection
	GlobalSection(ProjectConfigurationPlatforms) = postSolution
		{795125EC-F2A8-4795-BA3B-65F74CDD7889}.Debug|Any CPU.ActiveCfg = Debug|Any CPU
		{795125EC-F2A8-4795-BA3B-65F74CDD7889}.Debug|Any CPU.Build.0 = Debug|Any CPU
		{795125EC-F2A8-4795-BA3B-65F74CDD7889}.Release|Any CPU.ActiveCfg = Release|Any CPU
		{795125EC-F2A8-4795-BA3B-65F74CDD7889}.Release|Any CPU.Build.0 = Release|Any CPU
	EndGlobalSection
	GlobalSection(SolutionProperties) = preSolution
		HideSolutionNode = FALSE
	EndGlobalSection
	GlobalSection(ExtensibilityGlobals) = postSolution
		SolutionGuid = {DCD8EA0C-85D2-442B-9A02-5DED8FB436C0}
	EndGlobalSection
EndGlobal
